
Microsoft Visual Studio Solution File, Format Version 12.00
# Visual Studio 15
VisualStudioVersion = 15.0.27130.2010
MinimumVisualStudioVersion = 10.0.40219.1
Project("{FAE04EC0-301F-11D3-BF4B-00C04F79EFBC}") = "DataStructures", "DataStructures.csproj", "{F3B50B4E-8797-4BE5-BE3B-BD43946B7C23}"
EndProject
Project("{2150E333-8FDC-42A3-9474-1A3956D46DE8}") = "Demo", "Demo", "{442A02EC-C92F-46B0-B884-9EF4CC64B8E3}"
EndProject
Project("{FAE04EC0-301F-11D3-BF4B-00C04F79EFBC}") = "BinarySearchDemo", "BinarySearchDemo\BinarySearchDemo.csproj", "{6E6C2E19-9B1F-418F-92F4-977E3B3CFEAA}"
EndProject
Project("{FAE04EC0-301F-11D3-BF4B-00C04F79EFBC}") = "GraphsDemo", "GraphsDemo\GraphsDemo.csproj", "{11E826AA-E265-4727-9A01-5151F7D77D36}"
EndProject
Project("{FAE04EC0-301F-11D3-BF4B-00C04F79EFBC}") = "BigONotation", "BigONotation\BigONotation.csproj", "{FA983AF1-324B-4E94-B098-1DC54CC439DD}"
EndProject
Global
	GlobalSection(SolutionConfigurationPlatforms) = preSolution
		Debug|Any CPU = Debug|Any CPU
		Release|Any CPU = Release|Any CPU
	EndGlobalSection
	GlobalSection(ProjectConfigurationPlatforms) = postSolution
		{F3B50B4E-8797-4BE5-BE3B-BD43946B7C23}.Debug|Any CPU.ActiveCfg = Debug|Any CPU
		{F3B50B4E-8797-4BE5-BE3B-BD43946B7C23}.Debug|Any CPU.Build.0 = Debug|Any CPU
		{F3B50B4E-8797-4BE5-BE3B-BD43946B7C23}.Release|Any CPU.ActiveCfg = Release|Any CPU
		{F3B50B4E-8797-4BE5-BE3B-BD43946B7C23}.Release|Any CPU.Build.0 = Release|Any CPU
		{6E6C2E19-9B1F-418F-92F4-977E3B3CFEAA}.Debug|Any CPU.ActiveCfg = Debug|Any CPU
		{6E6C2E19-9B1F-418F-92F4-977E3B3CFEAA}.Debug|Any CPU.Build.0 = Debug|Any CPU
		{6E6C2E19-9B1F-418F-92F4-977E3B3CFEAA}.Release|Any CPU.ActiveCfg = Release|Any CPU
		{6E6C2E19-9B1F-418F-92F4-977E3B3CFEAA}.Release|Any CPU.Build.0 = Release|Any CPU
		{11E826AA-E265-4727-9A01-5151F7D77D36}.Debug|Any CPU.ActiveCfg = Debug|Any CPU
		{11E826AA-E265-4727-9A01-5151F7D77D36}.Debug|Any CPU.Build.0 = Debug|Any CPU
		{11E826AA-E265-4727-9A01-5151F7D77D36}.Release|Any CPU.ActiveCfg = Release|Any CPU
		{11E826AA-E265-4727-9A01-5151F7D77D36}.Release|Any CPU.Build.0 = Release|Any CPU
		{FA983AF1-324B-4E94-B098-1DC54CC439DD}.Debug|Any CPU.ActiveCfg = Debug|Any CPU
		{FA983AF1-324B-4E94-B098-1DC54CC439DD}.Debug|Any CPU.Build.0 = Debug|Any CPU
		{FA983AF1-324B-4E94-B098-1DC54CC439DD}.Release|Any CPU.ActiveCfg = Release|Any CPU
		{FA983AF1-324B-4E94-B098-1DC54CC439DD}.Release|Any CPU.Build.0 = Release|Any CPU
	EndGlobalSection
	GlobalSection(SolutionProperties) = preSolution
		HideSolutionNode = FALSE
	EndGlobalSection
	GlobalSection(NestedProjects) = preSolution
		{6E6C2E19-9B1F-418F-92F4-977E3B3CFEAA} = {442A02EC-C92F-46B0-B884-9EF4CC64B8E3}
		{11E826AA-E265-4727-9A01-5151F7D77D36} = {442A02EC-C92F-46B0-B884-9EF4CC64B8E3}
	EndGlobalSection
	GlobalSection(ExtensibilityGlobals) = postSolution
		SolutionGuid = {4D6DE0BD-EC6F-4B5A-A6AA-DA1A6AA2A7A9}
	EndGlobalSection
EndGlobal
